
Microsoft Visual Studio Solution File, Format Version 12.00
# Visual Studio Version 17
VisualStudioVersion = 17.11.35208.52
MinimumVisualStudioVersion = 10.0.40219.1
Project("{FAE04EC0-301F-11D3-BF4B-00C04F79EFBC}") = "ListaLigada.UI.Consola", "ListaLigada.UI.Consola\ListaLigada.UI.Consola.csproj", "{870E3F61-B0EF-4D78-A53C-4F3EFBC68DA5}"
EndProject
Project("{FAE04EC0-301F-11D3-BF4B-00C04F79EFBC}") = "ListaLigada.Logica", "ListaLigada.Logica\ListaLigada.Logica.csproj", "{3CEBED17-DD42-4240-A875-E038E758C1F5}"
EndProject
Global
	GlobalSection(SolutionConfigurationPlatforms) = preSolution
		Debug|Any CPU = Debug|Any CPU
		Release|Any CPU = Release|Any CPU
	EndGlobalSection
	GlobalSection(ProjectConfigurationPlatforms) = postSolution
		{870E3F61-B0EF-4D78-A53C-4F3EFBC68DA5}.Debug|Any CPU.ActiveCfg = Debug|Any CPU
		{870E3F61-B0EF-4D78-A53C-4F3EFBC68DA5}.Debug|Any CPU.Build.0 = Debug|Any CPU
		{870E3F61-B0EF-4D78-A53C-4F3EFBC68DA5}.Release|Any CPU.ActiveCfg = Release|Any CPU
		{870E3F61-B0EF-4D78-A53C-4F3EFBC68DA5}.Release|Any CPU.Build.0 = Release|Any CPU
		{3CEBED17-DD42-4240-A875-E038E758C1F5}.Debug|Any CPU.ActiveCfg = Debug|Any CPU
		{3CEBED17-DD42-4240-A875-E038E758C1F5}.Debug|Any CPU.Build.0 = Debug|Any CPU
		{3CEBED17-DD42-4240-A875-E038E758C1F5}.Release|Any CPU.ActiveCfg = Release|Any CPU
		{3CEBED17-DD42-4240-A875-E038E758C1F5}.Release|Any CPU.Build.0 = Release|Any CPU
	EndGlobalSection
	GlobalSection(SolutionProperties) = preSolution
		HideSolutionNode = FALSE
	EndGlobalSection
	GlobalSection(ExtensibilityGlobals) = postSolution
		SolutionGuid = {72042639-A240-4597-A384-BB97CAA7ECC4}
	EndGlobalSection
EndGlobal
